// !$*UTF8*$!
{
	archiveVersion = 1;
	classes = {
	};
	objectVersion = 46;
	objects = {

/* Begin PBXBuildFile section */
		2AA1BEBE1D0260E100D62980 /* main.m in Sources */ = {isa = PBXBuildFile; fileRef = 2AA1BEBD1D0260E100D62980 /* main.m */; };
		2AA1BEC11D0260E100D62980 /* AppDelegate.m in Sources */ = {isa = PBXBuildFile; fileRef = 2AA1BEC01D0260E100D62980 /* AppDelegate.m */; };
		2AA1BEC41D0260E100D62980 /* ViewController.m in Sources */ = {isa = PBXBuildFile; fileRef = 2AA1BEC31D0260E100D62980 /* ViewController.m */; };
		2AA1BEC71D0260E100D62980 /* Main.storyboard in Resources */ = {isa = PBXBuildFile; fileRef = 2AA1BEC51D0260E100D62980 /* Main.storyboard */; };
		2AA1BEC91D0260E100D62980 /* Assets.xcassets in Resources */ = {isa = PBXBuildFile; fileRef = 2AA1BEC81D0260E100D62980 /* Assets.xcassets */; };
		2AA1BECC1D0260E100D62980 /* LaunchScreen.storyboard in Resources */ = {isa = PBXBuildFile; fileRef = 2AA1BECA1D0260E100D62980 /* LaunchScreen.storyboard */; };
		2AA1BED51D026FB200D62980 /* UIImageView+WebCaches.m in Sources */ = {isa = PBXBuildFile; fileRef = 2AA1BED41D026FB200D62980 /* UIImageView+WebCaches.m */; };
		2AA1BEDB1D02829D00D62980 /* WebImageMemory.m in Sources */ = {isa = PBXBuildFile; fileRef = 2AA1BEDA1D02829D00D62980 /* WebImageMemory.m */; };
		2AA1BEDE1D02B52100D62980 /* WebImageCaches.m in Sources */ = {isa = PBXBuildFile; fileRef = 2AA1BEDD1D02B52100D62980 /* WebImageCaches.m */; };
/* End PBXBuildFile section */

/* Begin PBXFileReference section */
		2AA1BEB91D0260E000D62980 /* 异步加载网络图片.app */ = {isa = PBXFileReference; explicitFileType = wrapper.application; includeInIndex = 0; path = "异步加载网络图片.app"; sourceTree = BUILT_PRODUCTS_DIR; };
		2AA1BEBD1D0260E100D62980 /* main.m */ = {isa = PBXFileReference; lastKnownFileType = sourcecode.c.objc; path = main.m; sourceTree = "<group>"; };
		2AA1BEBF1D0260E100D62980 /* AppDelegate.h */ = {isa = PBXFileReference; lastKnownFileType = sourcecode.c.h; path = AppDelegate.h; sourceTree = "<group>"; };
		2AA1BEC01D0260E100D62980 /* AppDelegate.m */ = {isa = PBXFileReference; lastKnownFileType = sourcecode.c.objc; path = AppDelegate.m; sourceTree = "<group>"; };
		2AA1BEC21D0260E100D62980 /* ViewController.h */ = {isa = PBXFileReference; lastKnownFileType = sourcecode.c.h; path = ViewController.h; sourceTree = "<group>"; };
		2AA1BEC31D0260E100D62980 /* ViewController.m */ = {isa = PBXFileReference; lastKnownFileType = sourcecode.c.objc; path = ViewController.m; sourceTree = "<group>"; };
		2AA1BEC61D0260E100D62980 /* Base */ = {isa = PBXFileReference; lastKnownFileType = file.storyboard; name = Base; path = Base.lproj/Main.storyboard; sourceTree = "<group>"; };
		2AA1BEC81D0260E100D62980 /* Assets.xcassets */ = {isa = PBXFileReference; lastKnownFileType = folder.assetcatalog; path = Assets.xcassets; sourceTree = "<group>"; };
		2AA1BECB1D0260E100D62980 /* Base */ = {isa = PBXFileReference; lastKnownFileType = file.storyboard; name = Base; path = Base.lproj/LaunchScreen.storyboard; sourceTree = "<group>"; };
		2AA1BECD1D0260E100D62980 /* Info.plist */ = {isa = PBXFileReference; lastKnownFileType = text.plist.xml; path = Info.plist; sourceTree = "<group>"; };
		2AA1BED31D026FB200D62980 /* UIImageView+WebCaches.h */ = {isa = PBXFileReference; fileEncoding = 4; lastKnownFileType = sourcecode.c.h; path = "UIImageView+WebCaches.h"; sourceTree = "<group>"; };
		2AA1BED41D026FB200D62980 /* UIImageView+WebCaches.m */ = {isa = PBXFileReference; fileEncoding = 4; lastKnownFileType = sourcecode.c.objc; path = "UIImageView+WebCaches.m"; sourceTree = "<group>"; };
		2AA1BED91D02829D00D62980 /* WebImageMemory.h */ = {isa = PBXFileReference; fileEncoding = 4; lastKnownFileType = sourcecode.c.h; name = WebImageMemory.h; path = ../WebImageMemory.h; sourceTree = "<group>"; };
		2AA1BEDA1D02829D00D62980 /* WebImageMemory.m */ = {isa = PBXFileReference; fileEncoding = 4; lastKnownFileType = sourcecode.c.objc; name = WebImageMemory.m; path = ../WebImageMemory.m; sourceTree = "<group>"; };
		2AA1BEDC1D02B52100D62980 /* WebImageCaches.h */ = {isa = PBXFileReference; fileEncoding = 4; lastKnownFileType = sourcecode.c.h; path = WebImageCaches.h; sourceTree = "<group>"; };
		2AA1BEDD1D02B52100D62980 /* WebImageCaches.m */ = {isa = PBXFileReference; fileEncoding = 4; lastKnownFileType = sourcecode.c.objc; path = WebImageCaches.m; sourceTree = "<group>"; };
/* End PBXFileReference section */

/* Begin PBXFrameworksBuildPhase section */
		2AA1BEB61D0260E000D62980 /* Frameworks */ = {
			isa = PBXFrameworksBuildPhase;
			buildActionMask = 2147483647;
			files = (
			);
			runOnlyForDeploymentPostprocessing = 0;
		};
/* End PBXFrameworksBuildPhase section */

/* Begin PBXGroup section */
		2AA1BEB01D0260E000D62980 = {
			isa = PBXGroup;
			children = (
				2AA1BEBB1D0260E000D62980 /* 异步加载网络图片 */,
				2AA1BEBA1D0260E000D62980 /* Products */,
			);
			sourceTree = "<group>";
		};
		2AA1BEBA1D0260E000D62980 /* Products */ = {
			isa = PBXGroup;
			children = (
				2AA1BEB91D0260E000D62980 /* 异步加载网络图片.app */,
			);
			name = Products;
			sourceTree = "<group>";
		};
		2AA1BEBB1D0260E000D62980 /* 异步加载网络图片 */ = {
			isa = PBXGroup;
			children = (
				2AA1BEBF1D0260E100D62980 /* AppDelegate.h */,
				2AA1BEC01D0260E100D62980 /* AppDelegate.m */,
				2AA1BEC21D0260E100D62980 /* ViewController.h */,
				2AA1BEC31D0260E100D62980 /* ViewController.m */,
				2AA1BED31D026FB200D62980 /* UIImageView+WebCaches.h */,
				2AA1BED41D026FB200D62980 /* UIImageView+WebCaches.m */,
				2AA1BEDC1D02B52100D62980 /* WebImageCaches.h */,
				2AA1BEDD1D02B52100D62980 /* WebImageCaches.m */,
				2AA1BED91D02829D00D62980 /* WebImageMemory.h */,
				2AA1BEDA1D02829D00D62980 /* WebImageMemory.m */,
				2AA1BEC51D0260E100D62980 /* Main.storyboard */,
				2AA1BEC81D0260E100D62980 /* Assets.xcassets */,
				2AA1BECA1D0260E100D62980 /* LaunchScreen.storyboard */,
				2AA1BECD1D0260E100D62980 /* Info.plist */,
				2AA1BEBC1D0260E000D62980 /* Supporting Files */,
			);
			path = "异步加载网络图片";
			sourceTree = "<group>";
		};
		2AA1BEBC1D0260E000D62980 /* Supporting Files */ = {
			isa = PBXGroup;
			children = (
				2AA1BEBD1D0260E100D62980 /* main.m */,
			);
			name = "Supporting Files";
			sourceTree = "<group>";
		};
/* End PBXGroup section */

/* Begin PBXNativeTarget section */
		2AA1BEB81D0260E000D62980 /* 异步加载网络图片 */ = {
			isa = PBXNativeTarget;
			buildConfigurationList = 2AA1BED01D0260E100D62980 /* Build configuration list for PBXNativeTarget "异步加载网络图片" */;
			buildPhases = (
				2AA1BEB51D0260E000D62980 /* Sources */,
				2AA1BEB61D0260E000D62980 /* Frameworks */,
				2AA1BEB71D0260E000D62980 /* Resources */,
			);
			buildRules = (
			);
			dependencies = (
			);
			name = "异步加载网络图片";
			productName = "异步加载网络图片";
			productReference = 2AA1BEB91D0260E000D62980 /* 异步加载网络图片.app */;
			productType = "com.apple.product-type.application";
		};
/* End PBXNativeTarget section */

/* Begin PBXProject section */
		2AA1BEB11D0260E000D62980 /* Project object */ = {
			isa = PBXProject;
			attributes = {
				LastUpgradeCheck = 0720;
				ORGANIZATIONNAME = LLQ;
				TargetAttributes = {
					2AA1BEB81D0260E000D62980 = {
						CreatedOnToolsVersion = 7.2.1;
						DevelopmentTeam = GXJMB867PL;
					};
				};
			};
			buildConfigurationList = 2AA1BEB41D0260E000D62980 /* Build configuration list for PBXProject "异步加载网络图片" */;
			compatibilityVersion = "Xcode 3.2";
			developmentRegion = English;
			hasScannedForEncodings = 0;
			knownRegions = (
				en,
				Base,
			);
			mainGroup = 2AA1BEB01D0260E000D62980;
			productRefGroup = 2AA1BEBA1D0260E000D62980 /* Products */;
			projectDirPath = "";
			projectRoot = "";
			targets = (
				2AA1BEB81D0260E000D62980 /* 异步加载网络图片 */,
			);
		};
/* End PBXProject section */

/* Begin PBXResourcesBuildPhase section */
		2AA1BEB71D0260E000D62980 /* Resources */ = {
			isa = PBXResourcesBuildPhase;
			buildActionMask = 2147483647;
			files = (
				2AA1BECC1D0260E100D62980 /* LaunchScreen.storyboard in Resources */,
				2AA1BEC91D0260E100D62980 /* Assets.xcassets in Resources */,
				2AA1BEC71D0260E100D62980 /* Main.storyboard in Resources */,
			);
			runOnlyForDeploymentPostprocessing = 0;
		};
/* End PBXResourcesBuildPhase section */

/* Begin PBXSourcesBuildPhase section */
		2AA1BEB51D0260E000D62980 /* Sources */ = {
			isa = PBXSourcesBuildPhase;
			buildActionMask = 2147483647;
			files = (
				2AA1BEC41D0260E100D62980 /* ViewController.m in Sources */,
				2AA1BEDB1D02829D00D62980 /* WebImageMemory.m in Sources */,
				2AA1BEC11D0260E100D62980 /* AppDelegate.m in Sources */,
				2AA1BED51D026FB200D62980 /* UIImageView+WebCaches.m in Sources */,
				2AA1BEBE1D0260E100D62980 /* main.m in Sources */,
				2AA1BEDE1D02B52100D62980 /* WebImageCaches.m in Sources */,
			);
			runOnlyForDeploymentPostprocessing = 0;
		};
/* End PBXSourcesBuildPhase section */

/* Begin PBXVariantGroup section */
		2AA1BEC51D0260E100D62980 /* Main.storyboard */ = {
			isa = PBXVariantGroup;
			children = (
				2AA1BEC61D0260E100D62980 /* Base */,
			);
			name = Main.storyboard;
			sourceTree = "<group>";
		};
		2AA1BECA1D0260E100D62980 /* LaunchScreen.storyboard */ = {
			isa = PBXVariantGroup;
			children = (
				2AA1BECB1D0260E100D62980 /* Base */,
			);
			name = LaunchScreen.storyboard;
			sourceTree = "<group>";
		};
/* End PBXVariantGroup section */

/* Begin XCBuildConfiguration section */
		2AA1BECE1D0260E100D62980 /* Debug */ = {
			isa = XCBuildConfiguration;
			buildSettings = {
				ALWAYS_SEARCH_USER_PATHS = NO;
				CLANG_CXX_LANGUAGE_STANDARD = "gnu++0x";
				CLANG_CXX_LIBRARY = "libc++";
				CLANG_ENABLE_MODULES = YES;
				CLANG_ENABLE_OBJC_ARC = YES;
				CLANG_WARN_BOOL_CONVERSION = YES;
				CLANG_WARN_CONSTANT_CONVERSION = YES;
				CLANG_WARN_DIRECT_OBJC_ISA_USAGE = YES_ERROR;
				CLANG_WARN_EMPTY_BODY = YES;
				CLANG_WARN_ENUM_CONVERSION = YES;
				CLANG_WARN_INT_CONVERSION = YES;
				CLANG_WARN_OBJC_ROOT_CLASS = YES_ERROR;
				CLANG_WARN_UNREACHABLE_CODE = YES;
				CLANG_WARN__DUPLICATE_METHOD_MATCH = YES;
				"CODE_SIGN_IDENTITY[sdk=iphoneos*]" = "iPhone Developer";
				COPY_PHASE_STRIP = NO;
				DEBUG_INFORMATION_FORMAT = dwarf;
				ENABLE_STRICT_OBJC_MSGSEND = YES;
				ENABLE_TESTABILITY = YES;
				GCC_C_LANGUAGE_STANDARD = gnu99;
				GCC_DYNAMIC_NO_PIC = NO;
				GCC_NO_COMMON_BLOCKS = YES;
				GCC_OPTIMIZATION_LEVEL = 0;
				GCC_PREPROCESSOR_DEFINITIONS = (
					"DEBUG=1",
					"$(inherited)",
				);
				GCC_WARN_64_TO_32_BIT_CONVERSION = YES;
				GCC_WARN_ABOUT_RETURN_TYPE = YES_ERROR;
				GCC_WARN_UNDECLARED_SELECTOR = YES;
				GCC_WARN_UNINITIALIZED_AUTOS = YES_AGGRESSIVE;
				GCC_WARN_UNUSED_FUNCTION = YES;
				GCC_WARN_UNUSED_VARIABLE = YES;
				IPHONEOS_DEPLOYMENT_TARGET = 9.2;
				MTL_ENABLE_DEBUG_INFO = YES;
				ONLY_ACTIVE_ARCH = YES;
				SDKROOT = iphoneos;
				TARGETED_DEVICE_FAMILY = "1,2";
			};
			name = Debug;
		};
		2AA1BECF1D0260E100D62980 /* Release */ = {
			isa = XCBuildConfiguration;
			buildSettings = {
				ALWAYS_SEARCH_USER_PATHS = NO;
				CLANG_CXX_LANGUAGE_STANDARD = "gnu++0x";
				CLANG_CXX_LIBRARY = "libc++";
				CLANG_ENABLE_MODULES = YES;
				CLANG_ENABLE_OBJC_ARC = YES;
				CLANG_WARN_BOOL_CONVERSION = YES;
				CLANG_WARN_CONSTANT_CONVERSION = YES;
				CLANG_WARN_DIRECT_OBJC_ISA_USAGE = YES_ERROR;
				CLANG_WARN_EMPTY_BODY = YES;
				CLANG_WARN_ENUM_CONVERSION = YES;
				CLANG_WARN_INT_CONVERSION = YES;
				CLANG_WARN_OBJC_ROOT_CLASS = YES_ERROR;
				CLANG_WARN_UNREACHABLE_CODE = YES;
				CLANG_WARN__DUPLICATE_METHOD_MATCH = YES;
				"CODE_SIGN_IDENTITY[sdk=iphoneos*]" = "iPhone Developer";
				COPY_PHASE_STRIP = NO;
				DEBUG_INFORMATION_FORMAT = "dwarf-with-dsym";
				ENABLE_NS_ASSERTIONS = NO;
				ENABLE_STRICT_OBJC_MSGSEND = YES;
				GCC_C_LANGUAGE_STANDARD = gnu99;
				GCC_NO_COMMON_BLOCKS = YES;
				GCC_WARN_64_TO_32_BIT_CONVERSION = YES;
				GCC_WARN_ABOUT_RETURN_TYPE = YES_ERROR;
				GCC_WARN_UNDECLARED_SELECTOR = YES;
				GCC_WARN_UNINITIALIZED_AUTOS = YES_AGGRESSIVE;
				GCC_WARN_UNUSED_FUNCTION = YES;
				GCC_WARN_UNUSED_VARIABLE = YES;
				IPHONEOS_DEPLOYMENT_TARGET = 9.2;
				MTL_ENABLE_DEBUG_INFO = NO;
				SDKROOT = iphoneos;
				TARGETED_DEVICE_FAMILY = "1,2";
				VALIDATE_PRODUCT = YES;
			};
			name = Release;
		};
		2AA1BED11D0260E100D62980 /* Debug */ = {
			isa = XCBuildConfiguration;
			buildSettings = {
				ASSETCATALOG_COMPILER_APPICON_NAME = AppIcon;
				INFOPLIST_FILE = "异步加载网络图片/Info.plist";
				LD_RUNPATH_SEARCH_PATHS = "$(inherited) @executable_path/Frameworks";
				PRODUCT_BUNDLE_IDENTIFIER = "Quan.com.--------";
				PRODUCT_NAME = "$(TARGET_NAME)";
			};
			name = Debug;
		};
		2AA1BED21D0260E100D62980 /* Release */ = {
			isa = XCBuildConfiguration;
			buildSettings = {
				ASSETCATALOG_COMPILER_APPICON_NAME = AppIcon;
				INFOPLIST_FILE = "异步加载网络图片/Info.plist";
				LD_RUNPATH_SEARCH_PATHS = "$(inherited) @executable_path/Frameworks";
				PRODUCT_BUNDLE_IDENTIFIER = "Quan.com.--------";
				PRODUCT_NAME = "$(TARGET_NAME)";
			};
			name = Release;
		};
/* End XCBuildConfiguration section */

/* Begin XCConfigurationList section */
		2AA1BEB41D0260E000D62980 /* Build configuration list for PBXProject "异步加载网络图片" */ = {
			isa = XCConfigurationList;
			buildConfigurations = (
				2AA1BECE1D0260E100D62980 /* Debug */,
				2AA1BECF1D0260E100D62980 /* Release */,
			);
			defaultConfigurationIsVisible = 0;
			defaultConfigurationName = Release;
		};
		2AA1BED01D0260E100D62980 /* Build configuration list for PBXNativeTarget "异步加载网络图片" */ = {
			isa = XCConfigurationList;
			buildConfigurations = (
				2AA1BED11D0260E100D62980 /* Debug */,
				2AA1BED21D0260E100D62980 /* Release */,
			);
			defaultConfigurationIsVisible = 0;
		};
/* End XCConfigurationList section */
	};
	rootObject = 2AA1BEB11D0260E000D62980 /* Project object */;
}
